
Microsoft Visual Studio Solution File, Format Version 12.00
# Visual Studio 2012
Project("{8BC9CEB8-8B4A-11D0-8D11-00A0C91BC942}") = "poinrer race", "linknode race\linknode race.vcxproj", "{3AD4F0B1-2DD0-49F0-A64F-C4F0A89281C7}"
EndProject
Project("{8BC9CEB8-8B4A-11D0-8D11-00A0C91BC942}") = "libDatas", "libDatas\libDatas.vcxproj", "{B9E94710-7DBC-4BA3-9518-785BF9A326F8}"
EndProject
Global
	GlobalSection(SolutionConfigurationPlatforms) = preSolution
		Debug|Win32 = Debug|Win32
		Release|Win32 = Release|Win32
	EndGlobalSection
	GlobalSection(ProjectConfigurationPlatforms) = postSolution
		{3AD4F0B1-2DD0-49F0-A64F-C4F0A89281C7}.Debug|Win32.ActiveCfg = Debug|Win32
		{3AD4F0B1-2DD0-49F0-A64F-C4F0A89281C7}.Debug|Win32.Build.0 = Debug|Win32
		{3AD4F0B1-2DD0-49F0-A64F-C4F0A89281C7}.Release|Win32.ActiveCfg = Release|Win32
		{3AD4F0B1-2DD0-49F0-A64F-C4F0A89281C7}.Release|Win32.Build.0 = Release|Win32
		{B9E94710-7DBC-4BA3-9518-785BF9A326F8}.Debug|Win32.ActiveCfg = Debug|Win32
		{B9E94710-7DBC-4BA3-9518-785BF9A326F8}.Debug|Win32.Build.0 = Debug|Win32
		{B9E94710-7DBC-4BA3-9518-785BF9A326F8}.Release|Win32.ActiveCfg = Release|Win32
		{B9E94710-7DBC-4BA3-9518-785BF9A326F8}.Release|Win32.Build.0 = Release|Win32
	EndGlobalSection
	GlobalSection(SolutionProperties) = preSolution
		HideSolutionNode = FALSE
	EndGlobalSection
EndGlobal
