<?xml version="1.0" encoding="utf-8"?>
<Project ToolsVersion="4.0" xmlns="http://schemas.microsoft.com/developer/msbuild/2003">
  <ItemGroup>
    <Filter Include="Source Files">
      <UniqueIdentifier>{4FC737F1-C7A5-4376-A066-2A32D752A2FF}</UniqueIdentifier>
      <Extensions>cpp;c;cc;cxx;def;odl;idl;hpj;bat;asm;asmx</Extensions>
    </Filter>
    <Filter Include="Header Files">
      <UniqueIdentifier>{93995380-89BD-4b04-88EB-625FBE52EBFB}</UniqueIdentifier>
      <Extensions>h;hpp;hxx;hm;inl;inc;xsd</Extensions>
    </Filter>
    <Filter Include="Resource Files">
      <UniqueIdentifier>{67DA6AB6-F800-4c08-8B7A-83BB121AAD01}</UniqueIdentifier>
      <Extensions>rc;ico;cur;bmp;dlg;rc2;rct;bin;rgs;gif;jpg;jpeg;jpe;resx;tiff;tif;png;wav;mfcribbon-ms</Extensions>
    </Filter>
    <Filter Include="watch api">
      <UniqueIdentifier>{268b43d4-5a55-4066-ba3b-94a0854abbe5}</UniqueIdentifier>
    </Filter>
    <Filter Include="script">
      <UniqueIdentifier>{4ce47df8-1090-40f3-865d-82d3e5e5ffbf}</UniqueIdentifier>
    </Filter>
  </ItemGroup>
  <ItemGroup>
    <ClCompile Include="main.cpp">
      <Filter>Source Files</Filter>
    </ClCompile>
    <ClCompile Include="DataList.cpp">
      <Filter>Source Files</Filter>
    </ClCompile>
    <ClCompile Include="..\..\..\ConsoleApplication1\ConsoleApplication1\____watch_alloc.cpp">
      <Filter>watch api</Filter>
    </ClCompile>
  </ItemGroup>
  <ItemGroup>
    <ClInclude Include="DataList.h">
      <Filter>Header Files</Filter>
    </ClInclude>
    <ClInclude Include="..\..\..\ConsoleApplication1\ConsoleApplication1\____watch_alloc.h">
      <Filter>watch api</Filter>
    </ClInclude>
    <ClInclude Include="..\..\..\ConsoleApplication1\ConsoleApplication1\threadwatcher_mem.h">
      <Filter>watch api</Filter>
    </ClInclude>
  </ItemGroup>
  <ItemGroup>
    <None Include="..\DebugScript\log.js">
      <Filter>script</Filter>
    </None>
    <None Include="..\DebugScript\race.js">
      <Filter>script</Filter>
    </None>
  </ItemGroup>
</Project>